{
  "name": "@tscircuit/tiny-hypergraph-bindings",
  "version": "0.1.0",
  "lockfileVersion": 3,
  "requires": true,
  "packages": {
    "": {
      "name": "@tscircuit/tiny-hypergraph-bindings",
      "version": "0.1.0",
      "dependencies": {
        "@tscircuit/hypergraph": "0.0.71",
        "graphics-debug": "0.0.99"
      },
      "devDependencies": {
        "typescript": "5.9.3"
      }
    },
    "node_modules/@babel/runtime": {
      "version": "7.29.7",
      "resolved": "https://registry.npmjs.org/@babel/runtime/-/runtime-7.29.7.tgz",
      "integrity": "sha512-Nq8OhGWiZIZGV6hLHoyAKLLcJihP/xFeBMGJoUrxTX2psI8dCifzLhZISFb+VWS3wFMRDmCGw5R+dOySCqPLhw==",
      "license": "MIT",
      "engines": {
        "node": ">=6.9.0"
      }
    },
    "node_modules/@flatten-js/core": {
      "version": "1.6.14",
      "resolved": "https://registry.npmjs.org/@flatten-js/core/-/core-1.6.14.tgz",
      "integrity": "sha512-9Aa7Y+tTDtTGjL2mH5dYAGeY43CISj0w1DxQ0MPxgWnwVuIJV6jzRlTNHGSeJEnleMngldwdZORarOMcszqpLg==",
      "license": "MIT",
      "peer": true,
      "dependencies": {
        "@flatten-js/interval-tree": "^2.0.0"
      },
      "engines": {
        "node": ">=4.2.4"
      }
    },
    "node_modules/@flatten-js/interval-tree": {
      "version": "2.0.3",
      "resolved": "https://registry.npmjs.org/@flatten-js/interval-tree/-/interval-tree-2.0.3.tgz",
      "integrity": "sha512-Lv3eaITqU20WD+5W8L7JeJdjDXC9hfTUEzY0cRLx/sXj1+P3XdK6Fig4UdxvsekakTK8XeOwnpAKEpTI728U4g==",
      "license": "MIT",
      "peer": true,
      "dependencies": {
        "tslib": "^2.8.1"
      },
      "engines": {
        "node": ">=16.0.0"
      },
      "funding": {
        "type": "buymeacoffee",
        "url": "https://www.buymeacoffee.com/alexbol99"
      }
    },
    "node_modules/@react-hook/latest": {
      "version": "1.0.3",
      "resolved": "https://registry.npmjs.org/@react-hook/latest/-/latest-1.0.3.tgz",
      "integrity": "sha512-dy6duzl+JnAZcDbNTfmaP3xHiKtbXYOaz3G51MGVljh548Y8MWzTr+PHLOfvpypEVW9zwvl+VyKjbWKEVbV1Rg==",
      "license": "MIT",
      "peerDependencies": {
        "react": ">=16.8"
      }
    },
    "node_modules/@react-hook/passive-layout-effect": {
      "version": "1.2.1",
      "resolved": "https://registry.npmjs.org/@react-hook/passive-layout-effect/-/passive-layout-effect-1.2.1.tgz",
      "integrity": "sha512-IwEphTD75liO8g+6taS+4oqz+nnroocNfWVHWz7j+N+ZO2vYrc6PV1q7GQhuahL0IOR7JccFTsFKQ/mb6iZWAg==",
      "license": "MIT",
      "peerDependencies": {
        "react": ">=16.8"
      }
    },
    "node_modules/@react-hook/resize-observer": {
      "version": "2.0.2",
      "resolved": "https://registry.npmjs.org/@react-hook/resize-observer/-/resize-observer-2.0.2.tgz",
      "integrity": "sha512-tzKKzxNpfE5TWmxuv+5Ae3IF58n0FQgQaWJmcbYkjXTRZATXxClnTprQ2uuYygYTpu1pqbBskpwMpj6jpT1djA==",
      "license": "MIT",
      "dependencies": {
        "@react-hook/latest": "^1.0.2",
        "@react-hook/passive-layout-effect": "^1.2.0"
      },
      "peerDependencies": {
        "react": ">=18"
      }
    },
    "node_modules/@remix-run/router": {
      "version": "1.23.4",
      "resolved": "https://registry.npmjs.org/@remix-run/router/-/router-1.23.4.tgz",
      "integrity": "sha512-q7j5geK7xs3UJSdm9/iytUNclBnLmYx1EnSeCFXHPeutdqgIMeFeHtUZgS3EhlKxdBEAu8OwtJCwmLrEzpSs7Q==",
      "license": "MIT",
      "engines": {
        "node": ">=14.0.0"
      }
    },
    "node_modules/@resvg/resvg-js": {
      "version": "2.6.2",
      "resolved": "https://registry.npmjs.org/@resvg/resvg-js/-/resvg-js-2.6.2.tgz",
      "integrity": "sha512-xBaJish5OeGmniDj9cW5PRa/PtmuVU3ziqrbr5xJj901ZDN4TosrVaNZpEiLZAxdfnhAe7uQ7QFWfjPe9d9K2Q==",
      "license": "MPL-2.0",
      "peer": true,
      "engines": {
        "node": ">= 10"
      },
      "optionalDependencies": {
        "@resvg/resvg-js-android-arm-eabi": "2.6.2",
        "@resvg/resvg-js-android-arm64": "2.6.2",
        "@resvg/resvg-js-darwin-arm64": "2.6.2",
        "@resvg/resvg-js-darwin-x64": "2.6.2",
        "@resvg/resvg-js-linux-arm-gnueabihf": "2.6.2",
        "@resvg/resvg-js-linux-arm64-gnu": "2.6.2",
        "@resvg/resvg-js-linux-arm64-musl": "2.6.2",
        "@resvg/resvg-js-linux-x64-gnu": "2.6.2",
        "@resvg/resvg-js-linux-x64-musl": "2.6.2",
        "@resvg/resvg-js-win32-arm64-msvc": "2.6.2",
        "@resvg/resvg-js-win32-ia32-msvc": "2.6.2",
        "@resvg/resvg-js-win32-x64-msvc": "2.6.2"
      }
    },
    "node_modules/@resvg/resvg-js-android-arm-eabi": {
      "version": "2.6.2",
      "resolved": "https://registry.npmjs.org/@resvg/resvg-js-android-arm-eabi/-/resvg-js-android-arm-eabi-2.6.2.tgz",
      "integrity": "sha512-FrJibrAk6v29eabIPgcTUMPXiEz8ssrAk7TXxsiZzww9UTQ1Z5KAbFJs+Z0Ez+VZTYgnE5IQJqBcoSiMebtPHA==",
      "cpu": [
        "arm"
      ],
      "license": "MPL-2.0",
      "optional": true,
      "os": [
        "android"
      ],
      "peer": true,
      "engines": {
        "node": ">= 10"
      }
    },
    "node_modules/@resvg/resvg-js-android-arm64": {
      "version": "2.6.2",
      "resolved": "https://registry.npmjs.org/@resvg/resvg-js-android-arm64/-/resvg-js-android-arm64-2.6.2.tgz",
      "integrity": "sha512-VcOKezEhm2VqzXpcIJoITuvUS/fcjIw5NA/w3tjzWyzmvoCdd+QXIqy3FBGulWdClvp4g+IfUemigrkLThSjAQ==",
      "cpu": [
        "arm64"
      ],
      "license": "MPL-2.0",
      "optional": true,
      "os": [
        "android"
      ],
      "peer": true,
      "engines": {
        "node": ">= 10"
      }
    },
    "node_modules/@resvg/resvg-js-darwin-arm64": {
      "version": "2.6.2",
      "resolved": "https://registry.npmjs.org/@resvg/resvg-js-darwin-arm64/-/resvg-js-darwin-arm64-2.6.2.tgz",
      "integrity": "sha512-nmok2LnAd6nLUKI16aEB9ydMC6Lidiiq2m1nEBDR1LaaP7FGs4AJ90qDraxX+CWlVuRlvNjyYJTNv8qFjtL9+A==",
      "cpu": [
        "arm64"
      ],
      "license": "MPL-2.0",
      "optional": true,
      "os": [
        "darwin"
      ],
      "peer": true,
      "engines": {
        "node": ">= 10"
      }
    },
    "node_modules/@resvg/resvg-js-darwin-x64": {
      "version": "2.6.2",
      "resolved": "https://registry.npmjs.org/@resvg/resvg-js-darwin-x64/-/resvg-js-darwin-x64-2.6.2.tgz",
      "integrity": "sha512-GInyZLjgWDfsVT6+SHxQVRwNzV0AuA1uqGsOAW+0th56J7Nh6bHHKXHBWzUrihxMetcFDmQMAX1tZ1fZDYSRsw==",
      "cpu": [
        "x64"
      ],
      "license": "MPL-2.0",
      "optional": true,
      "os": [
        "darwin"
      ],
      "peer": true,
      "engines": {
        "node": ">= 10"
      }
    },
    "node_modules/@resvg/resvg-js-linux-arm-gnueabihf": {
      "version": "2.6.2",
      "resolved": "https://registry.npmjs.org/@resvg/resvg-js-linux-arm-gnueabihf/-/resvg-js-linux-arm-gnueabihf-2.6.2.tgz",
      "integrity": "sha512-YIV3u/R9zJbpqTTNwTZM5/ocWetDKGsro0SWp70eGEM9eV2MerWyBRZnQIgzU3YBnSBQ1RcxRZvY/UxwESfZIw==",
      "cpu": [
        "arm"
      ],
      "license": "MPL-2.0",
      "optional": true,
      "os": [
        "linux"
      ],
      "peer": true,
      "engines": {
        "node": ">= 10"
      }
    },
    "node_modules/@resvg/resvg-js-linux-arm64-gnu": {
      "version": "2.6.2",
      "resolved": "https://registry.npmjs.org/@resvg/resvg-js-linux-arm64-gnu/-/resvg-js-linux-arm64-gnu-2.6.2.tgz",
      "integrity": "sha512-zc2BlJSim7YR4FZDQ8OUoJg5holYzdiYMeobb9pJuGDidGL9KZUv7SbiD4E8oZogtYY42UZEap7dqkkYuA91pg==",
      "cpu": [
        "arm64"
      ],
      "license": "MPL-2.0",
      "optional": true,
      "os": [
        "linux"
      ],
      "peer": true,
      "engines": {
        "node": ">= 10"
      }
    },
    "node_modules/@resvg/resvg-js-linux-arm64-musl": {
      "version": "2.6.2",
      "resolved": "https://registry.npmjs.org/@resvg/resvg-js-linux-arm64-musl/-/resvg-js-linux-arm64-musl-2.6.2.tgz",
      "integrity": "sha512-3h3dLPWNgSsD4lQBJPb4f+kvdOSJHa5PjTYVsWHxLUzH4IFTJUAnmuWpw4KqyQ3NA5QCyhw4TWgxk3jRkQxEKg==",
      "cpu": [
        "arm64"
      ],
      "license": "MPL-2.0",
      "optional": true,
      "os": [
        "linux"
      ],
      "peer": true,
      "engines": {
        "node": ">= 10"
      }
    },
    "node_modules/@resvg/resvg-js-linux-x64-gnu": {
      "version": "2.6.2",
      "resolved": "https://registry.npmjs.org/@resvg/resvg-js-linux-x64-gnu/-/resvg-js-linux-x64-gnu-2.6.2.tgz",
      "integrity": "sha512-IVUe+ckIerA7xMZ50duAZzwf1U7khQe2E0QpUxu5MBJNao5RqC0zwV/Zm965vw6D3gGFUl7j4m+oJjubBVoftw==",
      "cpu": [
        "x64"
      ],
      "license": "MPL-2.0",
      "optional": true,
      "os": [
        "linux"
      ],
      "peer": true,
      "engines": {
        "node": ">= 10"
      }
    },
    "node_modules/@resvg/resvg-js-linux-x64-musl": {
      "version": "2.6.2",
      "resolved": "https://registry.npmjs.org/@resvg/resvg-js-linux-x64-musl/-/resvg-js-linux-x64-musl-2.6.2.tgz",
      "integrity": "sha512-UOf83vqTzoYQO9SZ0fPl2ZIFtNIz/Rr/y+7X8XRX1ZnBYsQ/tTb+cj9TE+KHOdmlTFBxhYzVkP2lRByCzqi4jQ==",
      "cpu": [
        "x64"
      ],
      "license": "MPL-2.0",
      "optional": true,
      "os": [
        "linux"
      ],
      "peer": true,
      "engines": {
        "node": ">= 10"
      }
    },
    "node_modules/@resvg/resvg-js-win32-arm64-msvc": {
      "version": "2.6.2",
      "resolved": "https://registry.npmjs.org/@resvg/resvg-js-win32-arm64-msvc/-/resvg-js-win32-arm64-msvc-2.6.2.tgz",
      "integrity": "sha512-7C/RSgCa+7vqZ7qAbItfiaAWhyRSoD4l4BQAbVDqRRsRgY+S+hgS3in0Rxr7IorKUpGE69X48q6/nOAuTJQxeQ==",
      "cpu": [
        "arm64"
      ],
      "license": "MPL-2.0",
      "optional": true,
      "os": [
        "win32"
      ],
      "peer": true,
      "engines": {
        "node": ">= 10"
      }
    },
    "node_modules/@resvg/resvg-js-win32-ia32-msvc": {
      "version": "2.6.2",
      "resolved": "https://registry.npmjs.org/@resvg/resvg-js-win32-ia32-msvc/-/resvg-js-win32-ia32-msvc-2.6.2.tgz",
      "integrity": "sha512-har4aPAlvjnLcil40AC77YDIk6loMawuJwFINEM7n0pZviwMkMvjb2W5ZirsNOZY4aDbo5tLx0wNMREp5Brk+w==",
      "cpu": [
        "ia32"
      ],
      "license": "MPL-2.0",
      "optional": true,
      "os": [
        "win32"
      ],
      "peer": true,
      "engines": {
        "node": ">= 10"
      }
    },
    "node_modules/@resvg/resvg-js-win32-x64-msvc": {
      "version": "2.6.2",
      "resolved": "https://registry.npmjs.org/@resvg/resvg-js-win32-x64-msvc/-/resvg-js-win32-x64-msvc-2.6.2.tgz",
      "integrity": "sha512-ZXtYhtUr5SSaBrUDq7DiyjOFJqBVL/dOBN7N/qmi/pO0IgiWW/f/ue3nbvu9joWE5aAKDoIzy/CxsY0suwGosQ==",
      "cpu": [
        "x64"
      ],
      "license": "MPL-2.0",
      "optional": true,
      "os": [
        "win32"
      ],
      "peer": true,
      "engines": {
        "node": ">= 10"
      }
    },
    "node_modules/@thednp/dommatrix": {
      "version": "3.1.2",
      "resolved": "https://registry.npmjs.org/@thednp/dommatrix/-/dommatrix-3.1.2.tgz",
      "integrity": "sha512-wxRH2/Qdqd+JxFpjb5vw+ZMaij8Hqa/9Hgl41n2Jb+3WNRhdemrosK0FxEo/yEvhvHGW8D1tZ3oPH9N0m1QG+A==",
      "license": "MIT",
      "peer": true
    },
    "node_modules/@tscircuit/alphabet": {
      "version": "0.0.25",
      "resolved": "https://registry.npmjs.org/@tscircuit/alphabet/-/alphabet-0.0.25.tgz",
      "integrity": "sha512-PWLjptI6AlLEtF/wjN1N8uC+n3G7vtg0j3xKE1fgWHDhahtnlQRqHDrtPSLlkIR9aJjRfjplzLuaUEaCRvJmZA==",
      "peerDependencies": {
        "typescript": "^5.0.0"
      }
    },
    "node_modules/@tscircuit/hypergraph": {
      "version": "0.0.71",
      "resolved": "https://registry.npmjs.org/@tscircuit/hypergraph/-/hypergraph-0.0.71.tgz",
      "integrity": "sha512-pTMosHibUiN8Ue14DHHzqLBkXFVECN3qqSwBc+OZufhRDxIczADQ4J2qHoVcgqr4yXNQs3v9qzC+Dzgo/N7RlA==",
      "dependencies": {
        "@tscircuit/solver-utils": "^0.0.16"
      },
      "peerDependencies": {
        "typescript": "^5"
      }
    },
    "node_modules/@tscircuit/image-utils": {
      "version": "0.0.10",
      "resolved": "https://registry.npmjs.org/@tscircuit/image-utils/-/image-utils-0.0.10.tgz",
      "integrity": "sha512-2ivIRhGTnMy7a0q6fm2bk/f6cv6ZVwnF7fav+ceXPkTJYOSnzijFVtN696veyCXuiU1/Ck1QiosvWwcgeBPstw==",
      "peer": true,
      "dependencies": {
        "@flatten-js/core": "^1.6.2",
        "color-diff": "^1.4.0",
        "fast-png": "^8.0.0",
        "svg-path-commander": "^2.1.11",
        "transformation-matrix": "^2.16.1"
      }
    },
    "node_modules/@tscircuit/solver-utils": {
      "version": "0.0.16",
      "resolved": "https://registry.npmjs.org/@tscircuit/solver-utils/-/solver-utils-0.0.16.tgz",
      "integrity": "sha512-paeEsPt+NOrIdeEb1PQpoNGjl9bD5MfcDaBuhFkn7Hdsxez4cXhKUyxWj3WbJsZzq9nUDW3Utr/Dl3GD4UURZQ==",
      "peerDependencies": {
        "graphics-debug": "*",
        "typescript": "^5"
      }
    },
    "node_modules/@types/history": {
      "version": "4.7.11",
      "resolved": "https://registry.npmjs.org/@types/history/-/history-4.7.11.tgz",
      "integrity": "sha512-qjDJRrmvBMiTx+jyLxvLfJU7UznFuokDv4f3WRuriHKERccVpFU+8XMQUAbDzoiJCsmexxRExQeMwwCdamSKDA==",
      "license": "MIT"
    },
    "node_modules/@types/react": {
      "version": "19.3.0",
      "resolved": "https://registry.npmjs.org/@types/react/-/react-19.3.0.tgz",
      "integrity": "sha512-N0rFCuH9YoxG9/m61l9MfpJKfmLOVU0em7ipIz6TRgSSkvReLB9vL85GB+yr8Bs5leqpvg96JSwF4ZS1s4viQg==",
      "license": "MIT",
      "dependencies": {
        "csstype": "^3.2.2"
      }
    },
    "node_modules/@types/react-router": {
      "version": "5.1.20",
      "resolved": "https://registry.npmjs.org/@types/react-router/-/react-router-5.1.20.tgz",
      "integrity": "sha512-jGjmu/ZqS7FjSH6owMcD5qpq19+1RS9DeVRqfl1FeBMxTDQAGwlMWOcs52NDoXaNKyG3d1cYQFMs9rCrb88o9Q==",
      "license": "MIT",
      "dependencies": {
        "@types/history": "^4.7.11",
        "@types/react": "*"
      }
    },
    "node_modules/@types/react-router-dom": {
      "version": "5.3.3",
      "resolved": "https://registry.npmjs.org/@types/react-router-dom/-/react-router-dom-5.3.3.tgz",
      "integrity": "sha512-kpqnYK4wcdm5UaWI3fLcELopqLrHgLqNsdpHauzlQktfkHL3npOSwtj1Uz9oKBAzs7lFtVkV8j83voAz2D8fhw==",
      "license": "MIT",
      "dependencies": {
        "@types/history": "^4.7.11",
        "@types/react": "*",
        "@types/react-router": "*"
      }
    },
    "node_modules/color-diff": {
      "version": "1.4.0",
      "resolved": "https://registry.npmjs.org/color-diff/-/color-diff-1.4.0.tgz",
      "integrity": "sha512-4oDB/o78lNdppbaqrg0HjOp7pHmUc+dfCxWKWFnQg6AB/1dkjtBDop3RZht5386cq9xBUDRvDvSCA7WUlM9Jqw==",
      "license": "BSD-3-Clause",
      "peer": true
    },
    "node_modules/csstype": {
      "version": "3.2.3",
      "resolved": "https://registry.npmjs.org/csstype/-/csstype-3.2.3.tgz",
      "integrity": "sha512-z1HGKcYy2xA8AGQfwrn0PAy+PB7X/GSj3UVJW9qKyn43xWa+gl5nXmU4qqLMRzWVLFC8KusUX8T/0kCiOYpAIQ==",
      "license": "MIT"
    },
    "node_modules/deep-rename-keys": {
      "version": "0.2.1",
      "resolved": "https://registry.npmjs.org/deep-rename-keys/-/deep-rename-keys-0.2.1.tgz",
      "integrity": "sha512-RHd9ABw4Fvk+gYDWqwOftG849x0bYOySl/RgX0tLI9i27ZIeSO91mLZJEp7oPHOMFqHvpgu21YptmDt0FYD/0A==",
      "license": "MIT",
      "dependencies": {
        "kind-of": "^3.0.2",
        "rename-keys": "^1.1.2"
      },
      "engines": {
        "node": ">=0.10.0"
      }
    },
    "node_modules/eventemitter3": {
      "version": "2.0.3",
      "resolved": "https://registry.npmjs.org/eventemitter3/-/eventemitter3-2.0.3.tgz",
      "integrity": "sha512-jLN68Dx5kyFHaePoXWPsCGW5qdyZQtLYHkxkg02/Mz6g0kYpDx4FyP6XfArhQdlOC4b8Mv+EMxPo/8La7Tzghg==",
      "license": "MIT"
    },
    "node_modules/fast-png": {
      "version": "8.0.0",
      "resolved": "https://registry.npmjs.org/fast-png/-/fast-png-8.0.0.tgz",
      "integrity": "sha512-gCysNasJ8KEMgfdYIKd/wTDo6ENK1PWT0RJO7O+0pgmuHPw2O6tA1WvdxFRJoLf9V8yFYpG0FA1YgI8X97OhJA==",
      "license": "MIT",
      "dependencies": {
        "fflate": "^0.8.2",
        "iobuffer": "^6.0.1"
      }
    },
    "node_modules/fflate": {
      "version": "0.8.3",
      "resolved": "https://registry.npmjs.org/fflate/-/fflate-0.8.3.tgz",
      "integrity": "sha512-tbZNuJrLwGUp3zshBtdy4W+ORxZuIh8a5ilyIEQDC5rY1f3U20JMry0Ll3WBzU58EZKsEuJFXhb5gwv8CsPvgA==",
      "license": "MIT"
    },
    "node_modules/graphics-debug": {
      "version": "0.0.99",
      "resolved": "https://registry.npmjs.org/graphics-debug/-/graphics-debug-0.0.99.tgz",
      "integrity": "sha512-qXqfb95WY2E2EPKVqxkqr0nk6DyewgShcVTiBNefVX5JZy2wjJRS1WnbX1tpUzqu0lRD0mQvAYr8jDWqSluamA==",
      "dependencies": {
        "@react-hook/resize-observer": "^2.0.2",
        "@tscircuit/alphabet": "^0.0.25",
        "@types/react-router-dom": "^5.3.3",
        "fast-png": "^8.0.0",
        "polished": "^4.3.1",
        "react-router-dom": "^6.28.0",
        "react-supergrid": "^1.0.10",
        "svgson": "^5.3.1",
        "transformation-matrix": "^3.0.0",
        "use-mouse-matrix-transform": "^1.3.0"
      },
      "bin": {
        "gd": "dist/cli/cli.js",
        "graphics-debug": "dist/cli/cli.js"
      },
      "peerDependencies": {
        "@resvg/resvg-js": "*",
        "@tscircuit/image-utils": "*",
        "typescript": "^5.0.0"
      }
    },
    "node_modules/graphics-debug/node_modules/react": {
      "version": "18.3.1",
      "resolved": "https://registry.npmjs.org/react/-/react-18.3.1.tgz",
      "integrity": "sha512-wS+hAgJShR0KhEvPJArfuPVN1+Hz1t0Y6n5jLrGQbkb4urgPE/0Rve+1kMB1v/oWgHgm4WIcV+i7F2pTVj+2iQ==",
      "license": "MIT",
      "peer": true,
      "dependencies": {
        "loose-envify": "^1.1.0"
      },
      "engines": {
        "node": ">=0.10.0"
      }
    },
    "node_modules/graphics-debug/node_modules/transformation-matrix": {
      "version": "3.1.0",
      "resolved": "https://registry.npmjs.org/transformation-matrix/-/transformation-matrix-3.1.0.tgz",
      "integrity": "sha512-oYubRWTi2tYFHAL2J8DLvPIqIYcYZ0fSOi2vmSy042Ho4jBW2ce6VP7QfD44t65WQz6bw5w1Pk22J7lcUpaTKA==",
      "license": "MIT",
      "funding": {
        "url": "https://github.com/sponsors/chrvadala"
      }
    },
    "node_modules/graphics-debug/node_modules/use-mouse-matrix-transform": {
      "version": "1.3.5",
      "resolved": "https://registry.npmjs.org/use-mouse-matrix-transform/-/use-mouse-matrix-transform-1.3.5.tgz",
      "integrity": "sha512-Ng938MFw/1kmxqQYORBIzC50KAekVLLtY3aepGbrzHehoNvbE75afOo3APxGk+kR3cVKKc3H8fW6vjbNY5J5tw==",
      "dependencies": {
        "transformation-matrix": "^3.0.0"
      },
      "peerDependencies": {
        "react": "^18.2.0"
      }
    },
    "node_modules/iobuffer": {
      "version": "6.0.1",
      "resolved": "https://registry.npmjs.org/iobuffer/-/iobuffer-6.0.1.tgz",
      "integrity": "sha512-SZWYkWNfjIXIBYSDpXDYIgshqtbOPsi4lviawAEceR1Kqk+sHDlcQjWrzNQsii80AyBY0q5c8HCTNjqo74ul+Q==",
      "license": "MIT"
    },
    "node_modules/is-buffer": {
      "version": "1.1.6",
      "resolved": "https://registry.npmjs.org/is-buffer/-/is-buffer-1.1.6.tgz",
      "integrity": "sha512-NcdALwpXkTm5Zvvbk7owOUSvVvBKDgKP5/ewfXEznmQFfs4ZRmanOeKBTjRVjka3QFoN6XJ+9F3USqfHqTaU5w==",
      "license": "MIT"
    },
    "node_modules/js-tokens": {
      "version": "4.0.0",
      "resolved": "https://registry.npmjs.org/js-tokens/-/js-tokens-4.0.0.tgz",
      "integrity": "sha512-RdJUflcE3cUzKiMqQgsCu06FPu9UdIJO0beYbPhHN4k6apgJtifcoCtT9bcxOpYBtpD2kCM6Sbzg4CausW/PKQ==",
      "license": "MIT",
      "peer": true
    },
    "node_modules/kind-of": {
      "version": "3.2.2",
      "resolved": "https://registry.npmjs.org/kind-of/-/kind-of-3.2.2.tgz",
      "integrity": "sha512-NOW9QQXMoZGg/oqnVNoNTTIFEIid1627WCffUBJEdMxYApq7mNE7CpzucIPc+ZQg25Phej7IJSmX3hO+oblOtQ==",
      "license": "MIT",
      "dependencies": {
        "is-buffer": "^1.1.5"
      },
      "engines": {
        "node": ">=0.10.0"
      }
    },
    "node_modules/loose-envify": {
      "version": "1.4.0",
      "resolved": "https://registry.npmjs.org/loose-envify/-/loose-envify-1.4.0.tgz",
      "integrity": "sha512-lyuxPGr/Wfhrlem2CL/UcnUc1zcqKAImBDzukY7Y5F/yQiNdko6+fRLevlw1HgMySw7f611UIY408EtxRSoK3Q==",
      "license": "MIT",
      "peer": true,
      "dependencies": {
        "js-tokens": "^3.0.0 || ^4.0.0"
      },
      "bin": {
        "loose-envify": "cli.js"
      }
    },
    "node_modules/polished": {
      "version": "4.3.1",
      "resolved": "https://registry.npmjs.org/polished/-/polished-4.3.1.tgz",
      "integrity": "sha512-OBatVyC/N7SCW/FaDHrSd+vn0o5cS855TOmYi4OkdWUMSJCET/xip//ch8xGUvtr3i44X9LVyWwQlRMTN3pwSA==",
      "license": "MIT",
      "dependencies": {
        "@babel/runtime": "^7.17.8"
      },
      "engines": {
        "node": ">=10"
      }
    },
    "node_modules/react": {
      "version": "19.3.0",
      "resolved": "https://registry.npmjs.org/react/-/react-19.3.0.tgz",
      "integrity": "sha512-E8LUcbtBWt20bbl2YoHfx4ZDBdxVTfOKtCZn9cDSJ4l6/nuoApcpIBcj47t2wZoVX8g2ZHuMHbiShgCR1T5Sog==",
      "license": "MIT",
      "peer": true,
      "engines": {
        "node": ">=0.10.0"
      }
    },
    "node_modules/react-dom": {
      "version": "19.3.0",
      "resolved": "https://registry.npmjs.org/react-dom/-/react-dom-19.3.0.tgz",
      "integrity": "sha512-JDk8dgif51OjFoDE70+OT9ICyYr+69HlmihNwp1+Nsfbna3t5sIiCa9ZJktDmQ4/1b/rn26hIAR2uYXDMr5r0Q==",
      "license": "MIT",
      "peer": true,
      "dependencies": {
        "scheduler": "^0.28.0"
      },
      "peerDependencies": {
        "react": "^19.3.0"
      }
    },
    "node_modules/react-router": {
      "version": "6.30.6",
      "resolved": "https://registry.npmjs.org/react-router/-/react-router-6.30.6.tgz",
      "integrity": "sha512-5HfK7k5im7LTOB0EqCQmfvy4C13G92Ssj1VTmouTK3AJvyjKTnFuCV0vcMAD/JS+JC4DvDIBRrlAeJIFjh5VWg==",
      "license": "MIT",
      "dependencies": {
        "@remix-run/router": "1.23.4"
      },
      "engines": {
        "node": ">=14.0.0"
      },
      "peerDependencies": {
        "react": ">=16.8"
      }
    },
    "node_modules/react-router-dom": {
      "version": "6.30.6",
      "resolved": "https://registry.npmjs.org/react-router-dom/-/react-router-dom-6.30.6.tgz",
      "integrity": "sha512-0RHKZz7wwffvkU+2MFVT2NnjK44ssLEV+m0CAJaS2Ksmorrwj7WxH00jO0SOCW26/tINUnJHToXblDs33I38YQ==",
      "license": "MIT",
      "dependencies": {
        "@remix-run/router": "1.23.4",
        "react-router": "6.30.6"
      },
      "engines": {
        "node": ">=14.0.0"
      },
      "peerDependencies": {
        "react": ">=16.8",
        "react-dom": ">=16.8"
      }
    },
    "node_modules/react-supergrid": {
      "version": "1.0.10",
      "resolved": "https://registry.npmjs.org/react-supergrid/-/react-supergrid-1.0.10.tgz",
      "integrity": "sha512-dJd9wkH6BJkdfkv62EcRAIBn59e2wj58bJFVXiW/ZHQzxz20qIql63fTU2qFMOujXnBIDaMG0uTod67/mjEGeA==",
      "license": "ISC",
      "peerDependencies": {
        "react": "*",
        "react-dom": "*",
        "transformation-matrix": "*"
      }
    },
    "node_modules/rename-keys": {
      "version": "1.2.0",
      "resolved": "https://registry.npmjs.org/rename-keys/-/rename-keys-1.2.0.tgz",
      "integrity": "sha512-U7XpAktpbSgHTRSNRrjKSrjYkZKuhUukfoBlXWXUExCAqhzh1TU3BDRAfJmarcl5voKS+pbKU9MvyLWKZ4UEEg==",
      "license": "MIT",
      "engines": {
        "node": ">= 0.8.0"
      }
    },
    "node_modules/scheduler": {
      "version": "0.28.0",
      "resolved": "https://registry.npmjs.org/scheduler/-/scheduler-0.28.0.tgz",
      "integrity": "sha512-juorfCmIkIw8tT+p5BXSm6PJjQF/ycEYmKyzURCIt/RaZIhL+PulbQ9Yu2z1HdOJDdqDTlxA1+xKBmHXJsczAw==",
      "license": "MIT",
      "peer": true
    },
    "node_modules/svg-path-commander": {
      "version": "2.3.3",
      "resolved": "https://registry.npmjs.org/svg-path-commander/-/svg-path-commander-2.3.3.tgz",
      "integrity": "sha512-eeNMlh4JHxAG0820MwHM7A4UD3PRMFALNORZbEwCJx5O1Uhn2CWnLBNxHXWGdahiJVtSsG8VKoW+HzLtY73J/A==",
      "license": "MIT",
      "peer": true,
      "dependencies": {
        "@thednp/dommatrix": "^3.1.2"
      }
    },
    "node_modules/svgson": {
      "version": "5.3.1",
      "resolved": "https://registry.npmjs.org/svgson/-/svgson-5.3.1.tgz",
      "integrity": "sha512-qdPgvUNWb40gWktBJnbJRelWcPzkLed/ShhnRsjbayXz8OtdPOzbil9jtiZdrYvSDumAz/VNQr6JaNfPx/gvPA==",
      "license": "MIT",
      "dependencies": {
        "deep-rename-keys": "^0.2.1",
        "xml-reader": "2.4.3"
      }
    },
    "node_modules/transformation-matrix": {
      "version": "2.16.1",
      "resolved": "https://registry.npmjs.org/transformation-matrix/-/transformation-matrix-2.16.1.tgz",
      "integrity": "sha512-tdtC3wxVEuzU7X/ydL131Q3JU5cPMEn37oqVLITjRDSDsnSHVFzW2JiCLfZLIQEgWzZHdSy3J6bZzvKEN24jGA==",
      "license": "MIT",
      "peer": true,
      "funding": {
        "url": "https://github.com/sponsors/chrvadala"
      }
    },
    "node_modules/tslib": {
      "version": "2.8.1",
      "resolved": "https://registry.npmjs.org/tslib/-/tslib-2.8.1.tgz",
      "integrity": "sha512-oJFu94HQb+KVduSUQL7wnpmqnfmLsOA/nAh6b6EH0wCEoK0/mPeXU6c3wKDV83MkOuHPRHtSXKKU99IBazS/2w==",
      "license": "0BSD",
      "peer": true
    },
    "node_modules/typescript": {
      "version": "5.9.3",
      "resolved": "https://registry.npmjs.org/typescript/-/typescript-5.9.3.tgz",
      "integrity": "sha512-jl1vZzPDinLr9eUt3J/t7V6FgNEw9QjvBPdysz9KfQDD41fQrC2Y4vKQdiaUpFT4bXlb1RHhLpp8wtm6M5TgSw==",
      "license": "Apache-2.0",
      "bin": {
        "tsc": "bin/tsc",
        "tsserver": "bin/tsserver"
      },
      "engines": {
        "node": ">=14.17"
      }
    },
    "node_modules/xml-lexer": {
      "version": "0.2.2",
      "resolved": "https://registry.npmjs.org/xml-lexer/-/xml-lexer-0.2.2.tgz",
      "integrity": "sha512-G0i98epIwiUEiKmMcavmVdhtymW+pCAohMRgybyIME9ygfVu8QheIi+YoQh3ngiThsT0SQzJT4R0sKDEv8Ou0w==",
      "license": "MIT",
      "dependencies": {
        "eventemitter3": "^2.0.0"
      }
    },
    "node_modules/xml-reader": {
      "version": "2.4.3",
      "resolved": "https://registry.npmjs.org/xml-reader/-/xml-reader-2.4.3.tgz",
      "integrity": "sha512-xWldrIxjeAMAu6+HSf9t50ot1uL5M+BtOidRCWHXIeewvSeIpscWCsp4Zxjk8kHHhdqFBrfK8U0EJeCcnyQ/gA==",
      "license": "MIT",
      "dependencies": {
        "eventemitter3": "^2.0.0",
        "xml-lexer": "^0.2.2"
      }
    }
  }
}
